// !$*UTF8*$!
{
	archiveVersion = 1;
	classes = {
	};
	objectVersion = 50;
	objects = {

/* Begin PBXBuildFile section */
		B84FAF0E25F89C2300783F88 /* AppDelegate.swift in Sources */ = {isa = PBXBuildFile; fileRef = B84FAF0D25F89C2300783F88 /* AppDelegate.swift */; };
		B84FAF1025F89C2300783F88 /* SceneDelegate.swift in Sources */ = {isa = PBXBuildFile; fileRef = B84FAF0F25F89C2300783F88 /* SceneDelegate.swift */; };
		B84FAF1225F89C2300783F88 /* ViewController.swift in Sources */ = {isa = PBXBuildFile; fileRef = B84FAF1125F89C2300783F88 /* ViewController.swift */; };
		B84FAF1525F89C2300783F88 /* Main.storyboard in Resources */ = {isa = PBXBuildFile; fileRef = B84FAF1325F89C2300783F88 /* Main.storyboard */; };
		B84FAF1725F89C2400783F88 /* Assets.xcassets in Resources */ = {isa = PBXBuildFile; fileRef = B84FAF1625F89C2400783F88 /* Assets.xcassets */; };
		B84FAF1A25F89C2400783F88 /* LaunchScreen.storyboard in Resources */ = {isa = PBXBuildFile; fileRef = B84FAF1825F89C2400783F88 /* LaunchScreen.storyboard */; };
		B84FAF2525F89C2500783F88 /* flipTests.swift in Sources */ = {isa = PBXBuildFile; fileRef = B84FAF2425F89C2500783F88 /* flipTests.swift */; };
		B84FAF3025F89C2500783F88 /* flipUITests.swift in Sources */ = {isa = PBXBuildFile; fileRef = B84FAF2F25F89C2500783F88 /* flipUITests.swift */; };
		B8F41BEA2601CAFD00BFED68 /* Card.swift in Sources */ = {isa = PBXBuildFile; fileRef = B8F41BE92601CAFD00BFED68 /* Card.swift */; };
		B8F41BEF2601CB2600BFED68 /* MatchingGame.swift in Sources */ = {isa = PBXBuildFile; fileRef = B8F41BEE2601CB2600BFED68 /* MatchingGame.swift */; };
/* End PBXBuildFile section */

/* Begin PBXContainerItemProxy section */
		B84FAF2125F89C2500783F88 /* PBXContainerItemProxy */ = {
			isa = PBXContainerItemProxy;
			containerPortal = B84FAF0225F89C2300783F88 /* Project object */;
			proxyType = 1;
			remoteGlobalIDString = B84FAF0925F89C2300783F88;
			remoteInfo = flip;
		};
		B84FAF2C25F89C2500783F88 /* PBXContainerItemProxy */ = {
			isa = PBXContainerItemProxy;
			containerPortal = B84FAF0225F89C2300783F88 /* Project object */;
			proxyType = 1;
			remoteGlobalIDString = B84FAF0925F89C2300783F88;
			remoteInfo = flip;
		};
/* End PBXContainerItemProxy section */

/* Begin PBXFileReference section */
		B84FAF0A25F89C2300783F88 /* flip.app */ = {isa = PBXFileReference; explicitFileType = wrapper.application; includeInIndex = 0; path = flip.app; sourceTree = BUILT_PRODUCTS_DIR; };
		B84FAF0D25F89C2300783F88 /* AppDelegate.swift */ = {isa = PBXFileReference; lastKnownFileType = sourcecode.swift; path = AppDelegate.swift; sourceTree = "<group>"; };
		B84FAF0F25F89C2300783F88 /* SceneDelegate.swift */ = {isa = PBXFileReference; lastKnownFileType = sourcecode.swift; path = SceneDelegate.swift; sourceTree = "<group>"; };
		B84FAF1125F89C2300783F88 /* ViewController.swift */ = {isa = PBXFileReference; lastKnownFileType = sourcecode.swift; path = ViewController.swift; sourceTree = "<group>"; };
		B84FAF1425F89C2300783F88 /* Base */ = {isa = PBXFileReference; lastKnownFileType = file.storyboard; name = Base; path = Base.lproj/Main.storyboard; sourceTree = "<group>"; };
		B84FAF1625F89C2400783F88 /* Assets.xcassets */ = {isa = PBXFileReference; lastKnownFileType = folder.assetcatalog; path = Assets.xcassets; sourceTree = "<group>"; };
		B84FAF1925F89C2400783F88 /* Base */ = {isa = PBXFileReference; lastKnownFileType = file.storyboard; name = Base; path = Base.lproj/LaunchScreen.storyboard; sourceTree = "<group>"; };
		B84FAF1B25F89C2400783F88 /* Info.plist */ = {isa = PBXFileReference; lastKnownFileType = text.plist.xml; path = Info.plist; sourceTree = "<group>"; };
		B84FAF2025F89C2500783F88 /* flipTests.xctest */ = {isa = PBXFileReference; explicitFileType = wrapper.cfbundle; includeInIndex = 0; path = flipTests.xctest; sourceTree = BUILT_PRODUCTS_DIR; };
		B84FAF2425F89C2500783F88 /* flipTests.swift */ = {isa = PBXFileReference; lastKnownFileType = sourcecode.swift; path = flipTests.swift; sourceTree = "<group>"; };
		B84FAF2625F89C2500783F88 /* Info.plist */ = {isa = PBXFileReference; lastKnownFileType = text.plist.xml; path = Info.plist; sourceTree = "<group>"; };
		B84FAF2B25F89C2500783F88 /* flipUITests.xctest */ = {isa = PBXFileReference; explicitFileType = wrapper.cfbundle; includeInIndex = 0; path = flipUITests.xctest; sourceTree = BUILT_PRODUCTS_DIR; };
		B84FAF2F25F89C2500783F88 /* flipUITests.swift */ = {isa = PBXFileReference; lastKnownFileType = sourcecode.swift; path = flipUITests.swift; sourceTree = "<group>"; };
		B84FAF3125F89C2500783F88 /* Info.plist */ = {isa = PBXFileReference; lastKnownFileType = text.plist.xml; path = Info.plist; sourceTree = "<group>"; };
		B8F41BE92601CAFD00BFED68 /* Card.swift */ = {isa = PBXFileReference; lastKnownFileType = sourcecode.swift; path = Card.swift; sourceTree = "<group>"; };
		B8F41BEE2601CB2600BFED68 /* MatchingGame.swift */ = {isa = PBXFileReference; lastKnownFileType = sourcecode.swift; path = MatchingGame.swift; sourceTree = "<group>"; };
/* End PBXFileReference section */

/* Begin PBXFrameworksBuildPhase section */
		B84FAF0725F89C2300783F88 /* Frameworks */ = {
			isa = PBXFrameworksBuildPhase;
			buildActionMask = 2147483647;
			files = (
			);
			runOnlyForDeploymentPostprocessing = 0;
		};
		B84FAF1D25F89C2500783F88 /* Frameworks */ = {
			isa = PBXFrameworksBuildPhase;
			buildActionMask = 2147483647;
			files = (
			);
			runOnlyForDeploymentPostprocessing = 0;
		};
		B84FAF2825F89C2500783F88 /* Frameworks */ = {
			isa = PBXFrameworksBuildPhase;
			buildActionMask = 2147483647;
			files = (
			);
			runOnlyForDeploymentPostprocessing = 0;
		};
/* End PBXFrameworksBuildPhase section */

/* Begin PBXGroup section */
		B84FAF0125F89C2300783F88 = {
			isa = PBXGroup;
			children = (
				B84FAF0C25F89C2300783F88 /* flip */,
				B84FAF2325F89C2500783F88 /* flipTests */,
				B84FAF2E25F89C2500783F88 /* flipUITests */,
				B84FAF0B25F89C2300783F88 /* Products */,
			);
			sourceTree = "<group>";
		};
		B84FAF0B25F89C2300783F88 /* Products */ = {
			isa = PBXGroup;
			children = (
				B84FAF0A25F89C2300783F88 /* flip.app */,
				B84FAF2025F89C2500783F88 /* flipTests.xctest */,
				B84FAF2B25F89C2500783F88 /* flipUITests.xctest */,
			);
			name = Products;
			sourceTree = "<group>";
		};
		B84FAF0C25F89C2300783F88 /* flip */ = {
			isa = PBXGroup;
			children = (
				B84FAF0D25F89C2300783F88 /* AppDelegate.swift */,
				B84FAF0F25F89C2300783F88 /* SceneDelegate.swift */,
				B84FAF1125F89C2300783F88 /* ViewController.swift */,
				B84FAF1325F89C2300783F88 /* Main.storyboard */,
				B84FAF1625F89C2400783F88 /* Assets.xcassets */,
				B84FAF1825F89C2400783F88 /* LaunchScreen.storyboard */,
				B84FAF1B25F89C2400783F88 /* Info.plist */,
				B8F41BE92601CAFD00BFED68 /* Card.swift */,
				B8F41BEE2601CB2600BFED68 /* MatchingGame.swift */,
			);
			path = flip;
			sourceTree = "<group>";
		};
		B84FAF2325F89C2500783F88 /* flipTests */ = {
			isa = PBXGroup;
			children = (
				B84FAF2425F89C2500783F88 /* flipTests.swift */,
				B84FAF2625F89C2500783F88 /* Info.plist */,
			);
			path = flipTests;
			sourceTree = "<group>";
		};
		B84FAF2E25F89C2500783F88 /* flipUITests */ = {
			isa = PBXGroup;
			children = (
				B84FAF2F25F89C2500783F88 /* flipUITests.swift */,
				B84FAF3125F89C2500783F88 /* Info.plist */,
			);
			path = flipUITests;
			sourceTree = "<group>";
		};
/* End PBXGroup section */

/* Begin PBXNativeTarget section */
		B84FAF0925F89C2300783F88 /* flip */ = {
			isa = PBXNativeTarget;
			buildConfigurationList = B84FAF3425F89C2500783F88 /* Build configuration list for PBXNativeTarget "flip" */;
			buildPhases = (
				B84FAF0625F89C2300783F88 /* Sources */,
				B84FAF0725F89C2300783F88 /* Frameworks */,
				B84FAF0825F89C2300783F88 /* Resources */,
			);
			buildRules = (
			);
			dependencies = (
			);
			name = flip;
			productName = flip;
			productReference = B84FAF0A25F89C2300783F88 /* flip.app */;
			productType = "com.apple.product-type.application";
		};
		B84FAF1F25F89C2500783F88 /* flipTests */ = {
			isa = PBXNativeTarget;
			buildConfigurationList = B84FAF3725F89C2500783F88 /* Build configuration list for PBXNativeTarget "flipTests" */;
			buildPhases = (
				B84FAF1C25F89C2500783F88 /* Sources */,
				B84FAF1D25F89C2500783F88 /* Frameworks */,
				B84FAF1E25F89C2500783F88 /* Resources */,
			);
			buildRules = (
			);
			dependencies = (
				B84FAF2225F89C2500783F88 /* PBXTargetDependency */,
			);
			name = flipTests;
			productName = flipTests;
			productReference = B84FAF2025F89C2500783F88 /* flipTests.xctest */;
			productType = "com.apple.product-type.bundle.unit-test";
		};
		B84FAF2A25F89C2500783F88 /* flipUITests */ = {
			isa = PBXNativeTarget;
			buildConfigurationList = B84FAF3A25F89C2500783F88 /* Build configuration list for PBXNativeTarget "flipUITests" */;
			buildPhases = (
				B84FAF2725F89C2500783F88 /* Sources */,
				B84FAF2825F89C2500783F88 /* Frameworks */,
				B84FAF2925F89C2500783F88 /* Resources */,
			);
			buildRules = (
			);
			dependencies = (
				B84FAF2D25F89C2500783F88 /* PBXTargetDependency */,
			);
			name = flipUITests;
			productName = flipUITests;
			productReference = B84FAF2B25F89C2500783F88 /* flipUITests.xctest */;
			productType = "com.apple.product-type.bundle.ui-testing";
		};
/* End PBXNativeTarget section */

/* Begin PBXProject section */
		B84FAF0225F89C2300783F88 /* Project object */ = {
			isa = PBXProject;
			attributes = {
				LastSwiftUpdateCheck = 1240;
				LastUpgradeCheck = 1240;
				TargetAttributes = {
					B84FAF0925F89C2300783F88 = {
						CreatedOnToolsVersion = 12.4;
					};
					B84FAF1F25F89C2500783F88 = {
						CreatedOnToolsVersion = 12.4;
						TestTargetID = B84FAF0925F89C2300783F88;
					};
					B84FAF2A25F89C2500783F88 = {
						CreatedOnToolsVersion = 12.4;
						TestTargetID = B84FAF0925F89C2300783F88;
					};
				};
			};
			buildConfigurationList = B84FAF0525F89C2300783F88 /* Build configuration list for PBXProject "flip" */;
			compatibilityVersion = "Xcode 9.3";
			developmentRegion = en;
			hasScannedForEncodings = 0;
			knownRegions = (
				en,
				Base,
			);
			mainGroup = B84FAF0125F89C2300783F88;
			productRefGroup = B84FAF0B25F89C2300783F88 /* Products */;
			projectDirPath = "";
			projectRoot = "";
			targets = (
				B84FAF0925F89C2300783F88 /* flip */,
				B84FAF1F25F89C2500783F88 /* flipTests */,
				B84FAF2A25F89C2500783F88 /* flipUITests */,
			);
		};
/* End PBXProject section */

/* Begin PBXResourcesBuildPhase section */
		B84FAF0825F89C2300783F88 /* Resources */ = {
			isa = PBXResourcesBuildPhase;
			buildActionMask = 2147483647;
			files = (
				B84FAF1A25F89C2400783F88 /* LaunchScreen.storyboard in Resources */,
				B84FAF1725F89C2400783F88 /* Assets.xcassets in Resources */,
				B84FAF1525F89C2300783F88 /* Main.storyboard in Resources */,
			);
			runOnlyForDeploymentPostprocessing = 0;
		};
		B84FAF1E25F89C2500783F88 /* Resources */ = {
			isa = PBXResourcesBuildPhase;
			buildActionMask = 2147483647;
			files = (
			);
			runOnlyForDeploymentPostprocessing = 0;
		};
		B84FAF2925F89C2500783F88 /* Resources */ = {
			isa = PBXResourcesBuildPhase;
			buildActionMask = 2147483647;
			files = (
			);
			runOnlyForDeploymentPostprocessing = 0;
		};
/* End PBXResourcesBuildPhase section */

/* Begin PBXSourcesBuildPhase section */
		B84FAF0625F89C2300783F88 /* Sources */ = {
			isa = PBXSourcesBuildPhase;
			buildActionMask = 2147483647;
			files = (
				B84FAF1225F89C2300783F88 /* ViewController.swift in Sources */,
				B84FAF0E25F89C2300783F88 /* AppDelegate.swift in Sources */,
				B8F41BEF2601CB2600BFED68 /* MatchingGame.swift in Sources */,
				B84FAF1025F89C2300783F88 /* SceneDelegate.swift in Sources */,
				B8F41BEA2601CAFD00BFED68 /* Card.swift in Sources */,
			);
			runOnlyForDeploymentPostprocessing = 0;
		};
		B84FAF1C25F89C2500783F88 /* Sources */ = {
			isa = PBXSourcesBuildPhase;
			buildActionMask = 2147483647;
			files = (
				B84FAF2525F89C2500783F88 /* flipTests.swift in Sources */,
			);
			runOnlyForDeploymentPostprocessing = 0;
		};
		B84FAF2725F89C2500783F88 /* Sources */ = {
			isa = PBXSourcesBuildPhase;
			buildActionMask = 2147483647;
			files = (
				B84FAF3025F89C2500783F88 /* flipUITests.swift in Sources */,
			);
			runOnlyForDeploymentPostprocessing = 0;
		};
/* End PBXSourcesBuildPhase section */

/* Begin PBXTargetDependency section */
		B84FAF2225F89C2500783F88 /* PBXTargetDependency */ = {
			isa = PBXTargetDependency;
			target = B84FAF0925F89C2300783F88 /* flip */;
			targetProxy = B84FAF2125F89C2500783F88 /* PBXContainerItemProxy */;
		};
		B84FAF2D25F89C2500783F88 /* PBXTargetDependency */ = {
			isa = PBXTargetDependency;
			target = B84FAF0925F89C2300783F88 /* flip */;
			targetProxy = B84FAF2C25F89C2500783F88 /* PBXContainerItemProxy */;
		};
/* End PBXTargetDependency section */

/* Begin PBXVariantGroup section */
		B84FAF1325F89C2300783F88 /* Main.storyboard */ = {
			isa = PBXVariantGroup;
			children = (
				B84FAF1425F89C2300783F88 /* Base */,
			);
			name = Main.storyboard;
			sourceTree = "<group>";
		};
		B84FAF1825F89C2400783F88 /* LaunchScreen.storyboard */ = {
			isa = PBXVariantGroup;
			children = (
				B84FAF1925F89C2400783F88 /* Base */,
			);
			name = LaunchScreen.storyboard;
			sourceTree = "<group>";
		};
/* End PBXVariantGroup section */

/* Begin XCBuildConfiguration section */
		B84FAF3225F89C2500783F88 /* Debug */ = {
			isa = XCBuildConfiguration;
			buildSettings = {
				ALWAYS_SEARCH_USER_PATHS = NO;
				CLANG_ANALYZER_NONNULL = YES;
				CLANG_ANALYZER_NUMBER_OBJECT_CONVERSION = YES_AGGRESSIVE;
				CLANG_CXX_LANGUAGE_STANDARD = "gnu++14";
				CLANG_CXX_LIBRARY = "libc++";
				CLANG_ENABLE_MODULES = YES;
				CLANG_ENABLE_OBJC_ARC = YES;
				CLANG_ENABLE_OBJC_WEAK = YES;
				CLANG_WARN_BLOCK_CAPTURE_AUTORELEASING = YES;
				CLANG_WARN_BOOL_CONVERSION = YES;
				CLANG_WARN_COMMA = YES;
				CLANG_WARN_CONSTANT_CONVERSION = YES;
				CLANG_WARN_DEPRECATED_OBJC_IMPLEMENTATIONS = YES;
				CLANG_WARN_DIRECT_OBJC_ISA_USAGE = YES_ERROR;
				CLANG_WARN_DOCUMENTATION_COMMENTS = YES;
				CLANG_WARN_EMPTY_BODY = YES;
				CLANG_WARN_ENUM_CONVERSION = YES;
				CLANG_WARN_INFINITE_RECURSION = YES;
				CLANG_WARN_INT_CONVERSION = YES;
				CLANG_WARN_NON_LITERAL_NULL_CONVERSION = YES;
				CLANG_WARN_OBJC_IMPLICIT_RETAIN_SELF = YES;
				CLANG_WARN_OBJC_LITERAL_CONVERSION = YES;
				CLANG_WARN_OBJC_ROOT_CLASS = YES_ERROR;
				CLANG_WARN_QUOTED_INCLUDE_IN_FRAMEWORK_HEADER = YES;
				CLANG_WARN_RANGE_LOOP_ANALYSIS = YES;
				CLANG_WARN_STRICT_PROTOTYPES = YES;
				CLANG_WARN_SUSPICIOUS_MOVE = YES;
				CLANG_WARN_UNGUARDED_AVAILABILITY = YES_AGGRESSIVE;
				CLANG_WARN_UNREACHABLE_CODE = YES;
				CLANG_WARN__DUPLICATE_METHOD_MATCH = YES;
				COPY_PHASE_STRIP = NO;
				DEBUG_INFORMATION_FORMAT = dwarf;
				ENABLE_STRICT_OBJC_MSGSEND = YES;
				ENABLE_TESTABILITY = YES;
				GCC_C_LANGUAGE_STANDARD = gnu11;
				GCC_DYNAMIC_NO_PIC = NO;
				GCC_NO_COMMON_BLOCKS = YES;
				GCC_OPTIMIZATION_LEVEL = 0;
				GCC_PREPROCESSOR_DEFINITIONS = (
					"DEBUG=1",
					"$(inherited)",
				);
				GCC_WARN_64_TO_32_BIT_CONVERSION = YES;
				GCC_WARN_ABOUT_RETURN_TYPE = YES_ERROR;
				GCC_WARN_UNDECLARED_SELECTOR = YES;
				GCC_WARN_UNINITIALIZED_AUTOS = YES_AGGRESSIVE;
				GCC_WARN_UNUSED_FUNCTION = YES;
				GCC_WARN_UNUSED_VARIABLE = YES;
				IPHONEOS_DEPLOYMENT_TARGET = 14.4;
				MTL_ENABLE_DEBUG_INFO = INCLUDE_SOURCE;
				MTL_FAST_MATH = YES;
				ONLY_ACTIVE_ARCH = YES;
				SDKROOT = iphoneos;
				SWIFT_ACTIVE_COMPILATION_CONDITIONS = DEBUG;
				SWIFT_OPTIMIZATION_LEVEL = "-Onone";
			};
			name = Debug;
		};
		B84FAF3325F89C2500783F88 /* Release */ = {
			isa = XCBuildConfiguration;
			buildSettings = {
				ALWAYS_SEARCH_USER_PATHS = NO;
				CLANG_ANALYZER_NONNULL = YES;
				CLANG_ANALYZER_NUMBER_OBJECT_CONVERSION = YES_AGGRESSIVE;
				CLANG_CXX_LANGUAGE_STANDARD = "gnu++14";
				CLANG_CXX_LIBRARY = "libc++";
				CLANG_ENABLE_MODULES = YES;
				CLANG_ENABLE_OBJC_ARC = YES;
				CLANG_ENABLE_OBJC_WEAK = YES;
				CLANG_WARN_BLOCK_CAPTURE_AUTORELEASING = YES;
				CLANG_WARN_BOOL_CONVERSION = YES;
				CLANG_WARN_COMMA = YES;
				CLANG_WARN_CONSTANT_CONVERSION = YES;
				CLANG_WARN_DEPRECATED_OBJC_IMPLEMENTATIONS = YES;
				CLANG_WARN_DIRECT_OBJC_ISA_USAGE = YES_ERROR;
				CLANG_WARN_DOCUMENTATION_COMMENTS = YES;
				CLANG_WARN_EMPTY_BODY = YES;
				CLANG_WARN_ENUM_CONVERSION = YES;
				CLANG_WARN_INFINITE_RECURSION = YES;
				CLANG_WARN_INT_CONVERSION = YES;
				CLANG_WARN_NON_LITERAL_NULL_CONVERSION = YES;
				CLANG_WARN_OBJC_IMPLICIT_RETAIN_SELF = YES;
				CLANG_WARN_OBJC_LITERAL_CONVERSION = YES;
				CLANG_WARN_OBJC_ROOT_CLASS = YES_ERROR;
				CLANG_WARN_QUOTED_INCLUDE_IN_FRAMEWORK_HEADER = YES;
				CLANG_WARN_RANGE_LOOP_ANALYSIS = YES;
				CLANG_WARN_STRICT_PROTOTYPES = YES;
				CLANG_WARN_SUSPICIOUS_MOVE = YES;
				CLANG_WARN_UNGUARDED_AVAILABILITY = YES_AGGRESSIVE;
				CLANG_WARN_UNREACHABLE_CODE = YES;
				CLANG_WARN__DUPLICATE_METHOD_MATCH = YES;
				COPY_PHASE_STRIP = NO;
				DEBUG_INFORMATION_FORMAT = "dwarf-with-dsym";
				ENABLE_NS_ASSERTIONS = NO;
				ENABLE_STRICT_OBJC_MSGSEND = YES;
				GCC_C_LANGUAGE_STANDARD = gnu11;
				GCC_NO_COMMON_BLOCKS = YES;
				GCC_WARN_64_TO_32_BIT_CONVERSION = YES;
				GCC_WARN_ABOUT_RETURN_TYPE = YES_ERROR;
				GCC_WARN_UNDECLARED_SELECTOR = YES;
				GCC_WARN_UNINITIALIZED_AUTOS = YES_AGGRESSIVE;
				GCC_WARN_UNUSED_FUNCTION = YES;
				GCC_WARN_UNUSED_VARIABLE = YES;
				IPHONEOS_DEPLOYMENT_TARGET = 14.4;
				MTL_ENABLE_DEBUG_INFO = NO;
				MTL_FAST_MATH = YES;
				SDKROOT = iphoneos;
				SWIFT_COMPILATION_MODE = wholemodule;
				SWIFT_OPTIMIZATION_LEVEL = "-O";
				VALIDATE_PRODUCT = YES;
			};
			name = Release;
		};
		B84FAF3525F89C2500783F88 /* Debug */ = {
			isa = XCBuildConfiguration;
			buildSettings = {
				ASSETCATALOG_COMPILER_APPICON_NAME = AppIcon;
				ASSETCATALOG_COMPILER_GLOBAL_ACCENT_COLOR_NAME = AccentColor;
				CODE_SIGN_STYLE = Automatic;
				INFOPLIST_FILE = flip/Info.plist;
				LD_RUNPATH_SEARCH_PATHS = (
					"$(inherited)",
					"@executable_path/Frameworks",
				);
				PRODUCT_BUNDLE_IDENTIFIER = me.flip;
				PRODUCT_NAME = "$(TARGET_NAME)";
				SWIFT_VERSION = 5.0;
				TARGETED_DEVICE_FAMILY = "1,2";
			};
			name = Debug;
		};
		B84FAF3625F89C2500783F88 /* Release */ = {
			isa = XCBuildConfiguration;
			buildSettings = {
				ASSETCATALOG_COMPILER_APPICON_NAME = AppIcon;
				ASSETCATALOG_COMPILER_GLOBAL_ACCENT_COLOR_NAME = AccentColor;
				CODE_SIGN_STYLE = Automatic;
				INFOPLIST_FILE = flip/Info.plist;
				LD_RUNPATH_SEARCH_PATHS = (
					"$(inherited)",
					"@executable_path/Frameworks",
				);
				PRODUCT_BUNDLE_IDENTIFIER = me.flip;
				PRODUCT_NAME = "$(TARGET_NAME)";
				SWIFT_VERSION = 5.0;
				TARGETED_DEVICE_FAMILY = "1,2";
			};
			name = Release;
		};
		B84FAF3825F89C2500783F88 /* Debug */ = {
			isa = XCBuildConfiguration;
			buildSettings = {
				ALWAYS_EMBED_SWIFT_STANDARD_LIBRARIES = YES;
				BUNDLE_LOADER = "$(TEST_HOST)";
				CODE_SIGN_STYLE = Automatic;
				INFOPLIST_FILE = flipTests/Info.plist;
				IPHONEOS_DEPLOYMENT_TARGET = 14.4;
				LD_RUNPATH_SEARCH_PATHS = (
					"$(inherited)",
					"@executable_path/Frameworks",
					"@loader_path/Frameworks",
				);
				PRODUCT_BUNDLE_IDENTIFIER = me.flipTests;
				PRODUCT_NAME = "$(TARGET_NAME)";
				SWIFT_VERSION = 5.0;
				TARGETED_DEVICE_FAMILY = "1,2";
				TEST_HOST = "$(BUILT_PRODUCTS_DIR)/flip.app/flip";
			};
			name = Debug;
		};
		B84FAF3925F89C2500783F88 /* Release */ = {
			isa = XCBuildConfiguration;
			buildSettings = {
				ALWAYS_EMBED_SWIFT_STANDARD_LIBRARIES = YES;
				BUNDLE_LOADER = "$(TEST_HOST)";
				CODE_SIGN_STYLE = Automatic;
				INFOPLIST_FILE = flipTests/Info.plist;
				IPHONEOS_DEPLOYMENT_TARGET = 14.4;
				LD_RUNPATH_SEARCH_PATHS = (
					"$(inherited)",
					"@executable_path/Frameworks",
					"@loader_path/Frameworks",
				);
				PRODUCT_BUNDLE_IDENTIFIER = me.flipTests;
				PRODUCT_NAME = "$(TARGET_NAME)";
				SWIFT_VERSION = 5.0;
				TARGETED_DEVICE_FAMILY = "1,2";
				TEST_HOST = "$(BUILT_PRODUCTS_DIR)/flip.app/flip";
			};
			name = Release;
		};
		B84FAF3B25F89C2500783F88 /* Debug */ = {
			isa = XCBuildConfiguration;
			buildSettings = {
				ALWAYS_EMBED_SWIFT_STANDARD_LIBRARIES = YES;
				CODE_SIGN_STYLE = Automatic;
				INFOPLIST_FILE = flipUITests/Info.plist;
				LD_RUNPATH_SEARCH_PATHS = (
					"$(inherited)",
					"@executable_path/Frameworks",
					"@loader_path/Frameworks",
				);
				PRODUCT_BUNDLE_IDENTIFIER = me.flipUITests;
				PRODUCT_NAME = "$(TARGET_NAME)";
				SWIFT_VERSION = 5.0;
				TARGETED_DEVICE_FAMILY = "1,2";
				TEST_TARGET_NAME = flip;
			};
			name = Debug;
		};
		B84FAF3C25F89C2500783F88 /* Release */ = {
			isa = XCBuildConfiguration;
			buildSettings = {
				ALWAYS_EMBED_SWIFT_STANDARD_LIBRARIES = YES;
				CODE_SIGN_STYLE = Automatic;
				INFOPLIST_FILE = flipUITests/Info.plist;
				LD_RUNPATH_SEARCH_PATHS = (
					"$(inherited)",
					"@executable_path/Frameworks",
					"@loader_path/Frameworks",
				);
				PRODUCT_BUNDLE_IDENTIFIER = me.flipUITests;
				PRODUCT_NAME = "$(TARGET_NAME)";
				SWIFT_VERSION = 5.0;
				TARGETED_DEVICE_FAMILY = "1,2";
				TEST_TARGET_NAME = flip;
			};
			name = Release;
		};
/* End XCBuildConfiguration section */

/* Begin XCConfigurationList section */
		B84FAF0525F89C2300783F88 /* Build configuration list for PBXProject "flip" */ = {
			isa = XCConfigurationList;
			buildConfigurations = (
				B84FAF3225F89C2500783F88 /* Debug */,
				B84FAF3325F89C2500783F88 /* Release */,
			);
			defaultConfigurationIsVisible = 0;
			defaultConfigurationName = Release;
		};
		B84FAF3425F89C2500783F88 /* Build configuration list for PBXNativeTarget "flip" */ = {
			isa = XCConfigurationList;
			buildConfigurations = (
				B84FAF3525F89C2500783F88 /* Debug */,
				B84FAF3625F89C2500783F88 /* Release */,
			);
			defaultConfigurationIsVisible = 0;
			defaultConfigurationName = Release;
		};
		B84FAF3725F89C2500783F88 /* Build configuration list for PBXNativeTarget "flipTests" */ = {
			isa = XCConfigurationList;
			buildConfigurations = (
				B84FAF3825F89C2500783F88 /* Debug */,
				B84FAF3925F89C2500783F88 /* Release */,
			);
			defaultConfigurationIsVisible = 0;
			defaultConfigurationName = Release;
		};
		B84FAF3A25F89C2500783F88 /* Build configuration list for PBXNativeTarget "flipUITests" */ = {
			isa = XCConfigurationList;
			buildConfigurations = (
				B84FAF3B25F89C2500783F88 /* Debug */,
				B84FAF3C25F89C2500783F88 /* Release */,
			);
			defaultConfigurationIsVisible = 0;
			defaultConfigurationName = Release;
		};
/* End XCConfigurationList section */
	};
	rootObject = B84FAF0225F89C2300783F88 /* Project object */;
}
