// !$*UTF8*$!
{
	archiveVersion = 1;
	classes = {
	};
	objectVersion = 50;
	objects = {

/* Begin PBXBuildFile section */
		A60C32F42652538E00D1255C /* BigSmallGameApp.swift in Sources */ = {isa = PBXBuildFile; fileRef = A60C32F32652538E00D1255C /* BigSmallGameApp.swift */; };
		A60C32F82652538F00D1255C /* Assets.xcassets in Resources */ = {isa = PBXBuildFile; fileRef = A60C32F72652538F00D1255C /* Assets.xcassets */; };
		A60C32FB2652538F00D1255C /* Preview Assets.xcassets in Resources */ = {isa = PBXBuildFile; fileRef = A60C32FA2652538F00D1255C /* Preview Assets.xcassets */; };
		A60C33032652539D00D1255C /* Card.swift in Sources */ = {isa = PBXBuildFile; fileRef = A60C33022652539D00D1255C /* Card.swift */; };
		A60C33052652548400D1255C /* GameResult.swift in Sources */ = {isa = PBXBuildFile; fileRef = A60C33042652548400D1255C /* GameResult.swift */; };
		A60C33072652549C00D1255C /* GameView.swift in Sources */ = {isa = PBXBuildFile; fileRef = A60C33062652549C00D1255C /* GameView.swift */; };
		A60C330C2652577200D1255C /* GameViewModel.swift in Sources */ = {isa = PBXBuildFile; fileRef = A60C330B2652577200D1255C /* GameViewModel.swift */; };
/* End PBXBuildFile section */

/* Begin PBXFileReference section */
		A60C32F02652538E00D1255C /* BigSmallGame.app */ = {isa = PBXFileReference; explicitFileType = wrapper.application; includeInIndex = 0; path = BigSmallGame.app; sourceTree = BUILT_PRODUCTS_DIR; };
		A60C32F32652538E00D1255C /* BigSmallGameApp.swift */ = {isa = PBXFileReference; lastKnownFileType = sourcecode.swift; path = BigSmallGameApp.swift; sourceTree = "<group>"; };
		A60C32F72652538F00D1255C /* Assets.xcassets */ = {isa = PBXFileReference; lastKnownFileType = folder.assetcatalog; path = Assets.xcassets; sourceTree = "<group>"; };
		A60C32FA2652538F00D1255C /* Preview Assets.xcassets */ = {isa = PBXFileReference; lastKnownFileType = folder.assetcatalog; path = "Preview Assets.xcassets"; sourceTree = "<group>"; };
		A60C32FC2652538F00D1255C /* Info.plist */ = {isa = PBXFileReference; lastKnownFileType = text.plist.xml; path = Info.plist; sourceTree = "<group>"; };
		A60C33022652539D00D1255C /* Card.swift */ = {isa = PBXFileReference; lastKnownFileType = sourcecode.swift; path = Card.swift; sourceTree = "<group>"; };
		A60C33042652548400D1255C /* GameResult.swift */ = {isa = PBXFileReference; lastKnownFileType = sourcecode.swift; path = GameResult.swift; sourceTree = "<group>"; };
		A60C33062652549C00D1255C /* GameView.swift */ = {isa = PBXFileReference; lastKnownFileType = sourcecode.swift; path = GameView.swift; sourceTree = "<group>"; };
		A60C330B2652577200D1255C /* GameViewModel.swift */ = {isa = PBXFileReference; lastKnownFileType = sourcecode.swift; path = GameViewModel.swift; sourceTree = "<group>"; };
/* End PBXFileReference section */

/* Begin PBXFrameworksBuildPhase section */
		A60C32ED2652538E00D1255C /* Frameworks */ = {
			isa = PBXFrameworksBuildPhase;
			buildActionMask = 2147483647;
			files = (
			);
			runOnlyForDeploymentPostprocessing = 0;
		};
/* End PBXFrameworksBuildPhase section */

/* Begin PBXGroup section */
		A60C32E72652538E00D1255C = {
			isa = PBXGroup;
			children = (
				A60C32F22652538E00D1255C /* BigSmallGame */,
				A60C32F12652538E00D1255C /* Products */,
			);
			sourceTree = "<group>";
		};
		A60C32F12652538E00D1255C /* Products */ = {
			isa = PBXGroup;
			children = (
				A60C32F02652538E00D1255C /* BigSmallGame.app */,
			);
			name = Products;
			sourceTree = "<group>";
		};
		A60C32F22652538E00D1255C /* BigSmallGame */ = {
			isa = PBXGroup;
			children = (
				A60C330A2652572700D1255C /* ViewModels */,
				A60C33092652572100D1255C /* Models */,
				A60C33082652571400D1255C /* Views */,
				A60C32F32652538E00D1255C /* BigSmallGameApp.swift */,
				A60C32F72652538F00D1255C /* Assets.xcassets */,
				A60C32FC2652538F00D1255C /* Info.plist */,
				A60C32F92652538F00D1255C /* Preview Content */,
			);
			path = BigSmallGame;
			sourceTree = "<group>";
		};
		A60C32F92652538F00D1255C /* Preview Content */ = {
			isa = PBXGroup;
			children = (
				A60C32FA2652538F00D1255C /* Preview Assets.xcassets */,
			);
			path = "Preview Content";
			sourceTree = "<group>";
		};
		A60C33082652571400D1255C /* Views */ = {
			isa = PBXGroup;
			children = (
				A60C33062652549C00D1255C /* GameView.swift */,
			);
			path = Views;
			sourceTree = "<group>";
		};
		A60C33092652572100D1255C /* Models */ = {
			isa = PBXGroup;
			children = (
				A60C33042652548400D1255C /* GameResult.swift */,
				A60C33022652539D00D1255C /* Card.swift */,
			);
			path = Models;
			sourceTree = "<group>";
		};
		A60C330A2652572700D1255C /* ViewModels */ = {
			isa = PBXGroup;
			children = (
				A60C330B2652577200D1255C /* GameViewModel.swift */,
			);
			path = ViewModels;
			sourceTree = "<group>";
		};
/* End PBXGroup section */

/* Begin PBXNativeTarget section */
		A60C32EF2652538E00D1255C /* BigSmallGame */ = {
			isa = PBXNativeTarget;
			buildConfigurationList = A60C32FF2652538F00D1255C /* Build configuration list for PBXNativeTarget "BigSmallGame" */;
			buildPhases = (
				A60C32EC2652538E00D1255C /* Sources */,
				A60C32ED2652538E00D1255C /* Frameworks */,
				A60C32EE2652538E00D1255C /* Resources */,
			);
			buildRules = (
			);
			dependencies = (
			);
			name = BigSmallGame;
			productName = BigSmallGame;
			productReference = A60C32F02652538E00D1255C /* BigSmallGame.app */;
			productType = "com.apple.product-type.application";
		};
/* End PBXNativeTarget section */

/* Begin PBXProject section */
		A60C32E82652538E00D1255C /* Project object */ = {
			isa = PBXProject;
			attributes = {
				LastSwiftUpdateCheck = 1250;
				LastUpgradeCheck = 1250;
				TargetAttributes = {
					A60C32EF2652538E00D1255C = {
						CreatedOnToolsVersion = 12.5;
					};
				};
			};
			buildConfigurationList = A60C32EB2652538E00D1255C /* Build configuration list for PBXProject "BigSmallGame" */;
			compatibilityVersion = "Xcode 9.3";
			developmentRegion = en;
			hasScannedForEncodings = 0;
			knownRegions = (
				en,
				Base,
			);
			mainGroup = A60C32E72652538E00D1255C;
			productRefGroup = A60C32F12652538E00D1255C /* Products */;
			projectDirPath = "";
			projectRoot = "";
			targets = (
				A60C32EF2652538E00D1255C /* BigSmallGame */,
			);
		};
/* End PBXProject section */

/* Begin PBXResourcesBuildPhase section */
		A60C32EE2652538E00D1255C /* Resources */ = {
			isa = PBXResourcesBuildPhase;
			buildActionMask = 2147483647;
			files = (
				A60C32FB2652538F00D1255C /* Preview Assets.xcassets in Resources */,
				A60C32F82652538F00D1255C /* Assets.xcassets in Resources */,
			);
			runOnlyForDeploymentPostprocessing = 0;
		};
/* End PBXResourcesBuildPhase section */

/* Begin PBXSourcesBuildPhase section */
		A60C32EC2652538E00D1255C /* Sources */ = {
			isa = PBXSourcesBuildPhase;
			buildActionMask = 2147483647;
			files = (
				A60C330C2652577200D1255C /* GameViewModel.swift in Sources */,
				A60C33052652548400D1255C /* GameResult.swift in Sources */,
				A60C33032652539D00D1255C /* Card.swift in Sources */,
				A60C32F42652538E00D1255C /* BigSmallGameApp.swift in Sources */,
				A60C33072652549C00D1255C /* GameView.swift in Sources */,
			);
			runOnlyForDeploymentPostprocessing = 0;
		};
/* End PBXSourcesBuildPhase section */

/* Begin XCBuildConfiguration section */
		A60C32FD2652538F00D1255C /* Debug */ = {
			isa = XCBuildConfiguration;
			buildSettings = {
				ALWAYS_SEARCH_USER_PATHS = NO;
				CLANG_ANALYZER_NONNULL = YES;
				CLANG_ANALYZER_NUMBER_OBJECT_CONVERSION = YES_AGGRESSIVE;
				CLANG_CXX_LANGUAGE_STANDARD = "gnu++14";
				CLANG_CXX_LIBRARY = "libc++";
				CLANG_ENABLE_MODULES = YES;
				CLANG_ENABLE_OBJC_ARC = YES;
				CLANG_ENABLE_OBJC_WEAK = YES;
				CLANG_WARN_BLOCK_CAPTURE_AUTORELEASING = YES;
				CLANG_WARN_BOOL_CONVERSION = YES;
				CLANG_WARN_COMMA = YES;
				CLANG_WARN_CONSTANT_CONVERSION = YES;
				CLANG_WARN_DEPRECATED_OBJC_IMPLEMENTATIONS = YES;
				CLANG_WARN_DIRECT_OBJC_ISA_USAGE = YES_ERROR;
				CLANG_WARN_DOCUMENTATION_COMMENTS = YES;
				CLANG_WARN_EMPTY_BODY = YES;
				CLANG_WARN_ENUM_CONVERSION = YES;
				CLANG_WARN_INFINITE_RECURSION = YES;
				CLANG_WARN_INT_CONVERSION = YES;
				CLANG_WARN_NON_LITERAL_NULL_CONVERSION = YES;
				CLANG_WARN_OBJC_IMPLICIT_RETAIN_SELF = YES;
				CLANG_WARN_OBJC_LITERAL_CONVERSION = YES;
				CLANG_WARN_OBJC_ROOT_CLASS = YES_ERROR;
				CLANG_WARN_QUOTED_INCLUDE_IN_FRAMEWORK_HEADER = YES;
				CLANG_WARN_RANGE_LOOP_ANALYSIS = YES;
				CLANG_WARN_STRICT_PROTOTYPES = YES;
				CLANG_WARN_SUSPICIOUS_MOVE = YES;
				CLANG_WARN_UNGUARDED_AVAILABILITY = YES_AGGRESSIVE;
				CLANG_WARN_UNREACHABLE_CODE = YES;
				CLANG_WARN__DUPLICATE_METHOD_MATCH = YES;
				COPY_PHASE_STRIP = NO;
				DEBUG_INFORMATION_FORMAT = dwarf;
				ENABLE_STRICT_OBJC_MSGSEND = YES;
				ENABLE_TESTABILITY = YES;
				GCC_C_LANGUAGE_STANDARD = gnu11;
				GCC_DYNAMIC_NO_PIC = NO;
				GCC_NO_COMMON_BLOCKS = YES;
				GCC_OPTIMIZATION_LEVEL = 0;
				GCC_PREPROCESSOR_DEFINITIONS = (
					"DEBUG=1",
					"$(inherited)",
				);
				GCC_WARN_64_TO_32_BIT_CONVERSION = YES;
				GCC_WARN_ABOUT_RETURN_TYPE = YES_ERROR;
				GCC_WARN_UNDECLARED_SELECTOR = YES;
				GCC_WARN_UNINITIALIZED_AUTOS = YES_AGGRESSIVE;
				GCC_WARN_UNUSED_FUNCTION = YES;
				GCC_WARN_UNUSED_VARIABLE = YES;
				IPHONEOS_DEPLOYMENT_TARGET = 14.5;
				MTL_ENABLE_DEBUG_INFO = INCLUDE_SOURCE;
				MTL_FAST_MATH = YES;
				ONLY_ACTIVE_ARCH = YES;
				SDKROOT = iphoneos;
				SWIFT_ACTIVE_COMPILATION_CONDITIONS = DEBUG;
				SWIFT_OPTIMIZATION_LEVEL = "-Onone";
			};
			name = Debug;
		};
		A60C32FE2652538F00D1255C /* Release */ = {
			isa = XCBuildConfiguration;
			buildSettings = {
				ALWAYS_SEARCH_USER_PATHS = NO;
				CLANG_ANALYZER_NONNULL = YES;
				CLANG_ANALYZER_NUMBER_OBJECT_CONVERSION = YES_AGGRESSIVE;
				CLANG_CXX_LANGUAGE_STANDARD = "gnu++14";
				CLANG_CXX_LIBRARY = "libc++";
				CLANG_ENABLE_MODULES = YES;
				CLANG_ENABLE_OBJC_ARC = YES;
				CLANG_ENABLE_OBJC_WEAK = YES;
				CLANG_WARN_BLOCK_CAPTURE_AUTORELEASING = YES;
				CLANG_WARN_BOOL_CONVERSION = YES;
				CLANG_WARN_COMMA = YES;
				CLANG_WARN_CONSTANT_CONVERSION = YES;
				CLANG_WARN_DEPRECATED_OBJC_IMPLEMENTATIONS = YES;
				CLANG_WARN_DIRECT_OBJC_ISA_USAGE = YES_ERROR;
				CLANG_WARN_DOCUMENTATION_COMMENTS = YES;
				CLANG_WARN_EMPTY_BODY = YES;
				CLANG_WARN_ENUM_CONVERSION = YES;
				CLANG_WARN_INFINITE_RECURSION = YES;
				CLANG_WARN_INT_CONVERSION = YES;
				CLANG_WARN_NON_LITERAL_NULL_CONVERSION = YES;
				CLANG_WARN_OBJC_IMPLICIT_RETAIN_SELF = YES;
				CLANG_WARN_OBJC_LITERAL_CONVERSION = YES;
				CLANG_WARN_OBJC_ROOT_CLASS = YES_ERROR;
				CLANG_WARN_QUOTED_INCLUDE_IN_FRAMEWORK_HEADER = YES;
				CLANG_WARN_RANGE_LOOP_ANALYSIS = YES;
				CLANG_WARN_STRICT_PROTOTYPES = YES;
				CLANG_WARN_SUSPICIOUS_MOVE = YES;
				CLANG_WARN_UNGUARDED_AVAILABILITY = YES_AGGRESSIVE;
				CLANG_WARN_UNREACHABLE_CODE = YES;
				CLANG_WARN__DUPLICATE_METHOD_MATCH = YES;
				COPY_PHASE_STRIP = NO;
				DEBUG_INFORMATION_FORMAT = "dwarf-with-dsym";
				ENABLE_NS_ASSERTIONS = NO;
				ENABLE_STRICT_OBJC_MSGSEND = YES;
				GCC_C_LANGUAGE_STANDARD = gnu11;
				GCC_NO_COMMON_BLOCKS = YES;
				GCC_WARN_64_TO_32_BIT_CONVERSION = YES;
				GCC_WARN_ABOUT_RETURN_TYPE = YES_ERROR;
				GCC_WARN_UNDECLARED_SELECTOR = YES;
				GCC_WARN_UNINITIALIZED_AUTOS = YES_AGGRESSIVE;
				GCC_WARN_UNUSED_FUNCTION = YES;
				GCC_WARN_UNUSED_VARIABLE = YES;
				IPHONEOS_DEPLOYMENT_TARGET = 14.5;
				MTL_ENABLE_DEBUG_INFO = NO;
				MTL_FAST_MATH = YES;
				SDKROOT = iphoneos;
				SWIFT_COMPILATION_MODE = wholemodule;
				SWIFT_OPTIMIZATION_LEVEL = "-O";
				VALIDATE_PRODUCT = YES;
			};
			name = Release;
		};
		A60C33002652538F00D1255C /* Debug */ = {
			isa = XCBuildConfiguration;
			buildSettings = {
				ASSETCATALOG_COMPILER_APPICON_NAME = AppIcon;
				ASSETCATALOG_COMPILER_GLOBAL_ACCENT_COLOR_NAME = AccentColor;
				CODE_SIGN_STYLE = Automatic;
				DEVELOPMENT_ASSET_PATHS = "\"BigSmallGame/Preview Content\"";
				ENABLE_PREVIEWS = YES;
				INFOPLIST_FILE = BigSmallGame/Info.plist;
				IPHONEOS_DEPLOYMENT_TARGET = 14.0;
				LD_RUNPATH_SEARCH_PATHS = (
					"$(inherited)",
					"@executable_path/Frameworks",
				);
				PRODUCT_BUNDLE_IDENTIFIER = com.peter.BigSmallGame;
				PRODUCT_NAME = "$(TARGET_NAME)";
				SWIFT_VERSION = 5.0;
				TARGETED_DEVICE_FAMILY = "1,2";
			};
			name = Debug;
		};
		A60C33012652538F00D1255C /* Release */ = {
			isa = XCBuildConfiguration;
			buildSettings = {
				ASSETCATALOG_COMPILER_APPICON_NAME = AppIcon;
				ASSETCATALOG_COMPILER_GLOBAL_ACCENT_COLOR_NAME = AccentColor;
				CODE_SIGN_STYLE = Automatic;
				DEVELOPMENT_ASSET_PATHS = "\"BigSmallGame/Preview Content\"";
				ENABLE_PREVIEWS = YES;
				INFOPLIST_FILE = BigSmallGame/Info.plist;
				IPHONEOS_DEPLOYMENT_TARGET = 14.0;
				LD_RUNPATH_SEARCH_PATHS = (
					"$(inherited)",
					"@executable_path/Frameworks",
				);
				PRODUCT_BUNDLE_IDENTIFIER = com.peter.BigSmallGame;
				PRODUCT_NAME = "$(TARGET_NAME)";
				SWIFT_VERSION = 5.0;
				TARGETED_DEVICE_FAMILY = "1,2";
			};
			name = Release;
		};
/* End XCBuildConfiguration section */

/* Begin XCConfigurationList section */
		A60C32EB2652538E00D1255C /* Build configuration list for PBXProject "BigSmallGame" */ = {
			isa = XCConfigurationList;
			buildConfigurations = (
				A60C32FD2652538F00D1255C /* Debug */,
				A60C32FE2652538F00D1255C /* Release */,
			);
			defaultConfigurationIsVisible = 0;
			defaultConfigurationName = Release;
		};
		A60C32FF2652538F00D1255C /* Build configuration list for PBXNativeTarget "BigSmallGame" */ = {
			isa = XCConfigurationList;
			buildConfigurations = (
				A60C33002652538F00D1255C /* Debug */,
				A60C33012652538F00D1255C /* Release */,
			);
			defaultConfigurationIsVisible = 0;
			defaultConfigurationName = Release;
		};
/* End XCConfigurationList section */
	};
	rootObject = A60C32E82652538E00D1255C /* Project object */;
}
